Microsoft Visual Studio Solution File, Format Version 12.00
# Visual Studio Version 16
VisualStudioVersion = 16.0.30011.22
MinimumVisualStudioVersion = 10.0.40219.1
Project("{9A19103F-16F7-4668-BE54-9A1E7A4F7556}") = "TrabalhoLPII", "TrabalhoLPII.csproj", "{A92FC78F-93AF-436B-B889-B11EB0FEA125}"
EndProject
Project("{FAE04EC0-301F-11D3-BF4B-00C04F79EFBC}") = "LibrariaHospital", "..\ClassLibrary1\LibrariaHospital.csproj", "{B764A869-9DA2-441D-92C6-760A6E643DF4}"
EndProject
Global
	GlobalSection(SolutionConfigurationPlatforms) = preSolution
		Debug|Any CPU = Debug|Any CPU
		Release|Any CPU = Release|Any CPU
	EndGlobalSection
	GlobalSection(ProjectConfigurationPlatforms) = postSolution
		{A92FC78F-93AF-436B-B889-B11EB0FEA125}.Debug|Any CPU.ActiveCfg = Debug|Any CPU
		{A92FC78F-93AF-436B-B889-B11EB0FEA125}.Debug|Any CPU.Build.0 = Debug|Any CPU
		{A92FC78F-93AF-436B-B889-B11EB0FEA125}.Release|Any CPU.ActiveCfg = Release|Any CPU
		{A92FC78F-93AF-436B-B889-B11EB0FEA125}.Release|Any CPU.Build.0 = Release|Any CPU
		{B764A869-9DA2-441D-92C6-760A6E643DF4}.Debug|Any CPU.ActiveCfg = Debug|Any CPU
		{B764A869-9DA2-441D-92C6-760A6E643DF4}.Debug|Any CPU.Build.0 = Debug|Any CPU
		{B764A869-9DA2-441D-92C6-760A6E643DF4}.Release|Any CPU.ActiveCfg = Release|Any CPU
		{B764A869-9DA2-441D-92C6-760A6E643DF4}.Release|Any CPU.Build.0 = Release|Any CPU
	EndGlobalSection
	GlobalSection(SolutionProperties) = preSolution
		HideSolutionNode = FALSE
	EndGlobalSection
	GlobalSection(ExtensibilityGlobals) = postSolution
		SolutionGuid = {83A5AACB-5E93-47E2-ABDF-CB0BB80D51E0}
	EndGlobalSection
EndGlobal
